
Microsoft Visual Studio Solution File, Format Version 12.00
# Visual Studio Version 17
VisualStudioVersion = 17.12.35527.113
MinimumVisualStudioVersion = 10.0.40219.1
Project("{FAE04EC0-301F-11D3-BF4B-00C04F79EFBC}") = "POE2loadingPainFix", "POE2loadingPainFix\POE2loadingPainFix.csproj", "{22A8E44A-A9BB-4F55-9A3C-FA561F750D5D}"
EndProject
Global
	GlobalSection(SolutionConfigurationPlatforms) = preSolution
		Debug|Any CPU = Debug|Any CPU
		Debug|x64 = Debug|x64
		Release|Any CPU = Release|Any CPU
		Release|x64 = Release|x64
	EndGlobalSection
	GlobalSection(ProjectConfigurationPlatforms) = postSolution
		{22A8E44A-A9BB-4F55-9A3C-FA561F750D5D}.Debug|Any CPU.ActiveCfg = Debug|Any CPU
		{22A8E44A-A9BB-4F55-9A3C-FA561F750D5D}.Debug|Any CPU.Build.0 = Debug|Any CPU
		{22A8E44A-A9BB-4F55-9A3C-FA561F750D5D}.Debug|x64.ActiveCfg = Debug|x64
		{22A8E44A-A9BB-4F55-9A3C-FA561F750D5D}.Debug|x64.Build.0 = Debug|x64
		{22A8E44A-A9BB-4F55-9A3C-FA561F750D5D}.Release|Any CPU.ActiveCfg = Release|Any CPU
		{22A8E44A-A9BB-4F55-9A3C-FA561F750D5D}.Release|Any CPU.Build.0 = Release|Any CPU
		{22A8E44A-A9BB-4F55-9A3C-FA561F750D5D}.Release|x64.ActiveCfg = Release|x64
		{22A8E44A-A9BB-4F55-9A3C-FA561F750D5D}.Release|x64.Build.0 = Release|x64
	EndGlobalSection
	GlobalSection(SolutionProperties) = preSolution
		HideSolutionNode = FALSE
	EndGlobalSection
EndGlobal
